
Microsoft Visual Studio Solution File, Format Version 12.00
# Visual Studio Version 17
VisualStudioVersion = 17.10.35013.160
MinimumVisualStudioVersion = 10.0.40219.1
Project("{FAE04EC0-301F-11D3-BF4B-00C04F79EFBC}") = "WindowsFormsApp1", "WindowsFormsApp1\WindowsFormsApp1.csproj", "{06848F9B-74D9-4B88-88B0-0D7729187E9B}"
EndProject
Global
	GlobalSection(SolutionConfigurationPlatforms) = preSolution
		Debug|Any CPU = Debug|Any CPU
		Release|Any CPU = Release|Any CPU
	EndGlobalSection
	GlobalSection(ProjectConfigurationPlatforms) = postSolution
		{06848F9B-74D9-4B88-88B0-0D7729187E9B}.Debug|Any CPU.ActiveCfg = Debug|Any CPU
		{06848F9B-74D9-4B88-88B0-0D7729187E9B}.Debug|Any CPU.Build.0 = Debug|Any CPU
		{06848F9B-74D9-4B88-88B0-0D7729187E9B}.Release|Any CPU.ActiveCfg = Release|Any CPU
		{06848F9B-74D9-4B88-88B0-0D7729187E9B}.Release|Any CPU.Build.0 = Release|Any CPU
	EndGlobalSection
	GlobalSection(SolutionProperties) = preSolution
		HideSolutionNode = FALSE
	EndGlobalSection
	GlobalSection(ExtensibilityGlobals) = postSolution
		SolutionGuid = {2AA27A54-DD0E-4AE7-8FAF-842A9F107EED}
	EndGlobalSection
EndGlobal
